
Microsoft Visual Studio Solution File, Format Version 12.00
# Visual Studio 2012
Project("{2150E333-8FDC-42A3-9474-1A3956D46DE8}") = "Lighting", "Lighting", "{E386603B-9A35-43BF-8026-16E65840E334}"
EndProject
Project("{2150E333-8FDC-42A3-9474-1A3956D46DE8}") = "Texture2D", "Texture2D", "{D7599105-83A8-4972-B20F-74AF813A453D}"
EndProject
Project("{2150E333-8FDC-42A3-9474-1A3956D46DE8}") = "Transform", "Transform", "{CADCE7D4-A317-4296-A943-8CD78E29FC14}"
EndProject
Project("{2150E333-8FDC-42A3-9474-1A3956D46DE8}") = "Feedback", "Feedback", "{31F1EE4B-2EA4-4761-9107-1CC9493CBDF8}"
EndProject
Project("{2150E333-8FDC-42A3-9474-1A3956D46DE8}") = "Framebuffer", "Framebuffer", "{3C8307D2-24E2-49F6-B4E2-52ED59123589}"
EndProject
Project("{2150E333-8FDC-42A3-9474-1A3956D46DE8}") = "Model", "Model", "{00C3CE16-5083-46DD-BC33-FAB36BCC3FBD}"
EndProject
Project("{2150E333-8FDC-42A3-9474-1A3956D46DE8}") = "Terrian", "Terrian", "{2C411BF9-8675-4B93-8AD2-223F368AC44E}"
EndProject
Project("{2150E333-8FDC-42A3-9474-1A3956D46DE8}") = "Water", "Water", "{F9EE49F4-1355-491E-99DE-89EA579639CD}"
EndProject
Project("{2150E333-8FDC-42A3-9474-1A3956D46DE8}") = "Practicle", "Practicle", "{C7EE7F06-E64D-4964-928A-6F5D32D5F3D8}"
EndProject
Project("{2150E333-8FDC-42A3-9474-1A3956D46DE8}") = "Shadow", "Shadow", "{DED22460-D53A-4279-A744-510AE07FB06E}"
EndProject
Project("{2150E333-8FDC-42A3-9474-1A3956D46DE8}") = "CompShader", "CompShader", "{9E6CC446-E578-4A99-A64E-731E6C31F34C}"
EndProject
Project("{2150E333-8FDC-42A3-9474-1A3956D46DE8}") = "Skybox", "Skybox", "{225DA7A2-241C-4F38-89DE-A77BDA9C07F4}"
EndProject
Project("{2150E333-8FDC-42A3-9474-1A3956D46DE8}") = "Texture3D", "Texture3D", "{E6814975-23A9-4F42-9965-1923FBA70583}"
EndProject
Project("{2150E333-8FDC-42A3-9474-1A3956D46DE8}") = "Deugger", "Deugger", "{E903A5B1-8D28-41E1-A9B6-57E508B70A2A}"
EndProject
Project("{2150E333-8FDC-42A3-9474-1A3956D46DE8}") = "Blend", "Blend", "{C98912B0-533F-4C18-B79E-D7C5AF8C6744}"
EndProject
Project("{2150E333-8FDC-42A3-9474-1A3956D46DE8}") = "Antialiasing", "Antialiasing", "{D33E69CC-059D-43CE-9990-D4EB10304516}"
EndProject
Project("{2150E333-8FDC-42A3-9474-1A3956D46DE8}") = "TextureSprites", "TextureSprites", "{3771CA11-D58C-4140-883F-0E766A747A68}"
EndProject
Project("{2150E333-8FDC-42A3-9474-1A3956D46DE8}") = "TextureProcedural", "TextureProcedural", "{CC127150-CE0C-4654-98F2-8E7F88A865EF}"
EndProject
Project("{2150E333-8FDC-42A3-9474-1A3956D46DE8}") = "Noise", "Noise", "{5D3C4D37-6926-497F-B499-94299BCA0BD0}"
EndProject
Project("{2150E333-8FDC-42A3-9474-1A3956D46DE8}") = "TessShader", "TessShader", "{7C11E285-02BA-4348-A6CA-4CF075EC0178}"
EndProject
Project("{2150E333-8FDC-42A3-9474-1A3956D46DE8}") = "GeomShader", "GeomShader", "{D6268B8D-6B99-481C-BAFD-32526F707BF1}"
EndProject
Project("{2150E333-8FDC-42A3-9474-1A3956D46DE8}") = "Memory", "Memory", "{8881E869-79D1-4400-B9DC-397360912159}"
EndProject
Global
	GlobalSection(SolutionProperties) = preSolution
		HideSolutionNode = FALSE
	EndGlobalSection
EndGlobal
