
Microsoft Visual Studio Solution File, Format Version 12.00
# Visual Studio 2012
Project("{8BC9CEB8-8B4A-11D0-8D11-00A0C91BC942}") = "Framework", "Framework\Framework.vcxproj", "{CD038170-E411-4968-9567-4FD9880100A3}"
EndProject
Project("{8BC9CEB8-8B4A-11D0-8D11-00A0C91BC942}") = "Triangle", "Triangle\Triangle.vcxproj", "{A814767F-BD38-4B7F-A99C-5727BE8601C6}"
EndProject
Project("{8BC9CEB8-8B4A-11D0-8D11-00A0C91BC942}") = "Cube", "Cube\Cube.vcxproj", "{CDF0BA0F-4DB2-426B-8B79-A0C96647CE74}"
EndProject
Project("{8BC9CEB8-8B4A-11D0-8D11-00A0C91BC942}") = "Texture2D", "Texture2D\Texture2D.vcxproj", "{B5CB2225-C8B6-4B65-9F5E-CF532995A9FB}"
EndProject
Project("{8BC9CEB8-8B4A-11D0-8D11-00A0C91BC942}") = "Phong", "Phong\Phong.vcxproj", "{E5F2FD56-9086-44E4-988C-7A3D1D385D5E}"
EndProject
Project("{8BC9CEB8-8B4A-11D0-8D11-00A0C91BC942}") = "Normal-Mapping", "Normal-Mapping\Normal-Mapping.vcxproj", "{1F569618-5D50-4930-9859-F203A0EA20B7}"
EndProject
Project("{8BC9CEB8-8B4A-11D0-8D11-00A0C91BC942}") = "Tessellation", "Tessellation\Tessellation.vcxproj", "{ABCBF7C7-AB42-4A5C-B0D2-29A969AB5A68}"
EndProject
Project("{8BC9CEB8-8B4A-11D0-8D11-00A0C91BC942}") = "Geometry", "Geometry\Geometry.vcxproj", "{DBA5B174-0615-4B99-AE9A-B5328C51DAD2}"
EndProject
Project("{8BC9CEB8-8B4A-11D0-8D11-00A0C91BC942}") = "TessTriangle", "TessTriangle\TessTriangle.vcxproj", "{61FEAD03-37B2-4D3B-9CD4-3C663127F7E6}"
EndProject
Global
	GlobalSection(SolutionConfigurationPlatforms) = preSolution
		Debug|Win32 = Debug|Win32
		Release|Win32 = Release|Win32
	EndGlobalSection
	GlobalSection(ProjectConfigurationPlatforms) = postSolution
		{CD038170-E411-4968-9567-4FD9880100A3}.Debug|Win32.ActiveCfg = Debug|Win32
		{CD038170-E411-4968-9567-4FD9880100A3}.Debug|Win32.Build.0 = Debug|Win32
		{CD038170-E411-4968-9567-4FD9880100A3}.Release|Win32.ActiveCfg = Release|Win32
		{CD038170-E411-4968-9567-4FD9880100A3}.Release|Win32.Build.0 = Release|Win32
		{A814767F-BD38-4B7F-A99C-5727BE8601C6}.Debug|Win32.ActiveCfg = Debug|Win32
		{A814767F-BD38-4B7F-A99C-5727BE8601C6}.Debug|Win32.Build.0 = Debug|Win32
		{A814767F-BD38-4B7F-A99C-5727BE8601C6}.Release|Win32.ActiveCfg = Release|Win32
		{A814767F-BD38-4B7F-A99C-5727BE8601C6}.Release|Win32.Build.0 = Release|Win32
		{CDF0BA0F-4DB2-426B-8B79-A0C96647CE74}.Debug|Win32.ActiveCfg = Debug|Win32
		{CDF0BA0F-4DB2-426B-8B79-A0C96647CE74}.Debug|Win32.Build.0 = Debug|Win32
		{CDF0BA0F-4DB2-426B-8B79-A0C96647CE74}.Release|Win32.ActiveCfg = Release|Win32
		{CDF0BA0F-4DB2-426B-8B79-A0C96647CE74}.Release|Win32.Build.0 = Release|Win32
		{B5CB2225-C8B6-4B65-9F5E-CF532995A9FB}.Debug|Win32.ActiveCfg = Debug|Win32
		{B5CB2225-C8B6-4B65-9F5E-CF532995A9FB}.Debug|Win32.Build.0 = Debug|Win32
		{B5CB2225-C8B6-4B65-9F5E-CF532995A9FB}.Release|Win32.ActiveCfg = Release|Win32
		{B5CB2225-C8B6-4B65-9F5E-CF532995A9FB}.Release|Win32.Build.0 = Release|Win32
		{E5F2FD56-9086-44E4-988C-7A3D1D385D5E}.Debug|Win32.ActiveCfg = Debug|Win32
		{E5F2FD56-9086-44E4-988C-7A3D1D385D5E}.Debug|Win32.Build.0 = Debug|Win32
		{E5F2FD56-9086-44E4-988C-7A3D1D385D5E}.Release|Win32.ActiveCfg = Release|Win32
		{E5F2FD56-9086-44E4-988C-7A3D1D385D5E}.Release|Win32.Build.0 = Release|Win32
		{1F569618-5D50-4930-9859-F203A0EA20B7}.Debug|Win32.ActiveCfg = Debug|Win32
		{1F569618-5D50-4930-9859-F203A0EA20B7}.Debug|Win32.Build.0 = Debug|Win32
		{1F569618-5D50-4930-9859-F203A0EA20B7}.Release|Win32.ActiveCfg = Release|Win32
		{1F569618-5D50-4930-9859-F203A0EA20B7}.Release|Win32.Build.0 = Release|Win32
		{ABCBF7C7-AB42-4A5C-B0D2-29A969AB5A68}.Debug|Win32.ActiveCfg = Debug|Win32
		{ABCBF7C7-AB42-4A5C-B0D2-29A969AB5A68}.Debug|Win32.Build.0 = Debug|Win32
		{ABCBF7C7-AB42-4A5C-B0D2-29A969AB5A68}.Release|Win32.ActiveCfg = Release|Win32
		{ABCBF7C7-AB42-4A5C-B0D2-29A969AB5A68}.Release|Win32.Build.0 = Release|Win32
		{DBA5B174-0615-4B99-AE9A-B5328C51DAD2}.Debug|Win32.ActiveCfg = Debug|Win32
		{DBA5B174-0615-4B99-AE9A-B5328C51DAD2}.Debug|Win32.Build.0 = Debug|Win32
		{DBA5B174-0615-4B99-AE9A-B5328C51DAD2}.Release|Win32.ActiveCfg = Release|Win32
		{DBA5B174-0615-4B99-AE9A-B5328C51DAD2}.Release|Win32.Build.0 = Release|Win32
		{61FEAD03-37B2-4D3B-9CD4-3C663127F7E6}.Debug|Win32.ActiveCfg = Debug|Win32
		{61FEAD03-37B2-4D3B-9CD4-3C663127F7E6}.Debug|Win32.Build.0 = Debug|Win32
		{61FEAD03-37B2-4D3B-9CD4-3C663127F7E6}.Release|Win32.ActiveCfg = Release|Win32
		{61FEAD03-37B2-4D3B-9CD4-3C663127F7E6}.Release|Win32.Build.0 = Release|Win32
	EndGlobalSection
	GlobalSection(SolutionProperties) = preSolution
		HideSolutionNode = FALSE
	EndGlobalSection
EndGlobal
